version = 1
revision = 3
requires-python = ">=3.11"
resolution-markers = [
    "python_full_version >= '3.14' and sys_platform == 'win32'",
    "python_full_version >= '3.14' and sys_platform == 'emscripten'",
    "python_full_version >= '3.14' and sys_platform != 'emscripten' and sys_platform != 'win32'",
    "python_full_version < '3.14' and sys_platform == 'win32'",
    "python_full_version < '3.14' and sys_platform == 'emscripten'",
    "python_full_version < '3.14' and sys_platform != 'emscripten' and sys_platform != 'win32'",
]

[[package]]
name = "altair"
version = "6.1.0"
source = { registry = "https://pypi.org/simple" }
dependencies = [
    { name = "jinja2" },
    { name = "jsonschema" },
    { name = "narwhals" },
    { name = "packaging" },
    { name = "typing-extensions", marker = "python_full_version < '3.15'" },
]
sdist = { url = "https://files.pythonhosted.org/packages/3a/1e/365a9144db3254f86f1b974660b9ede1e9a38c9dc0730e4a9b1192eec5d6/altair-6.1.0.tar.gz", hash = "sha256:dda699216cf85b040d968ae5a569ad45957..." }
wheels = [
    { url = "https://files.pythonhosted.org/packages/ce/63/5dacc8d8306c715088b897a479e551bc0779fd2f0f26c97fec5e36542b4e/altair-6.1.0-py3-none-any.whl", hash = "sha256:fdf5fd939512e5b2fc4441c82dfd2..." },
]

[[package]]
name = "anyio"
version = "4.13.0"
source = { registry = "https://pypi.org/simple" }
dependencies = [
    { name = "idna" },
    { name = "typing-extensions", marker = "python_full_version < '3.13'" },
]
sdist = { url = "https://files.pythonhosted.org/packages/19/14/2c5dd9f512b66549ae92767a9c7b330ae88e1932ca57876909410251fe13/anyio-4.13.0.tar.gz", hash = "sha256:334b70e641fd2221c1505b3890c69882fe4..." }
wheels = [
    { url = "https://files.pythonhosted.org/packages/da/42/e921fccf5015463e32a3cf6ee7f980a6ed0f395ceeaa45060b61d86486c2/anyio-4.13.0-py3-none-any.whl", hash = "sha256:08b310f9e24a9594186fd75b4f73f..." },
]

[[package]]
name = "attrs"
version = "26.1.0"
source = { registry = "https://pypi.org/simple" }
sdist = { url = "https://files.pythonhosted.org/packages/9a/8e/82a0fe20a541c03148528be8cac2408564a6c9a0cc7e9171802bc1d26985/attrs-26.1.0.tar.gz", hash = "sha256:d03ceb89cb322a8fd706d4fb91940737b66..." }
wheels = [
    { url = "https://files.pythonhosted.org/packages/64/b4/17d4b0b2a2dc85a6df63d1157e028ed19f90d4cd97c36717afef2bc2f395/attrs-26.1.0-py3-none-any.whl", hash = "sha256:c647aa4a12dfbad9333ca4e71fe62..." },
]

[[package]]
name = "pdfminer-six"
version = "20251230"
source = { registry = "https://pypi.org/simple" }
dependencies = [
    { name = "charset-normalizer" },
    { name = "cryptography" },
]
sdist = { url = "https://files.pythonhosted.org/packages/46/9a/d79d8fa6d47a0338846bb558b39b9963b8eb2dfedec61867c138c1b17eeb/pdfminer_six-20251230.tar.gz", hash = "sha256:e8f68a14c57e00c2d7276d265..." }
wheels = [
    { url = "https://files.pythonhosted.org/packages/65/d7/b288ea32deb752a09aab73c75e1e7572ab2a2b56c3124a5d1eb24c62ceb3/pdfminer_six-20251230-py3-none-any.whl", hash = "sha256:9ff2e3466a7dfc6de6f..." },
]
